// !$*UTF8*$!
{
	archiveVersion = 1;
	classes = {
	};
	objectVersion = 46;
	objects = {

/* Begin PBXBuildFile section */
		B8096D673562C126123558A6 /* Pods_LearnSwift3.framework in Frameworks */ = {isa = PBXBuildFile; fileRef = D2063EAEAAA19FC2257CF26F /* Pods_LearnSwift3.framework */; };
		F4E2E83B913788BC5CE7BE53 /* Pods_LearnSwift3UITests.framework in Frameworks */ = {isa = PBXBuildFile; fileRef = 8FA0CB3B5C0F36A3508A5530 /* Pods_LearnSwift3UITests.framework */; };
		FC271A9CF7714B6629D9B89C /* Pods_LearnSwift3Tests.framework in Frameworks */ = {isa = PBXBuildFile; fileRef = C39162C04840F0E221925DA1 /* Pods_LearnSwift3Tests.framework */; };
		FD2346941DED3CC700D0093E /* APIManager.swift in Sources */ = {isa = PBXBuildFile; fileRef = FD2346931DED3CC700D0093E /* APIManager.swift */; };
		FD2346971DED425F00D0093E /* AllCards.swift in Sources */ = {isa = PBXBuildFile; fileRef = FD2346961DED425F00D0093E /* AllCards.swift */; };
		FD23469A1DED5C8100D0093E /* CustomCollectionViewCell.swift in Sources */ = {isa = PBXBuildFile; fileRef = FD2346991DED5C8100D0093E /* CustomCollectionViewCell.swift */; };
		FD23469C1DED5CCD00D0093E /* CustomCollectionViewCell.xib in Resources */ = {isa = PBXBuildFile; fileRef = FD23469B1DED5CCD00D0093E /* CustomCollectionViewCell.xib */; };
		FD2346A01DED8BD400D0093E /* CollectionSectionHeaderView.xib in Resources */ = {isa = PBXBuildFile; fileRef = FD23469F1DED8BD400D0093E /* CollectionSectionHeaderView.xib */; };
		FD2346A21DED8BF900D0093E /* CollectionSectionHeaderView.swift in Sources */ = {isa = PBXBuildFile; fileRef = FD2346A11DED8BF900D0093E /* CollectionSectionHeaderView.swift */; };
		FD2346A91DED9E1800D0093E /* Cards.swift in Sources */ = {isa = PBXBuildFile; fileRef = FD2346A81DED9E1800D0093E /* Cards.swift */; };
		FD7DA4091DED3950009DCF01 /* AppDelegate.swift in Sources */ = {isa = PBXBuildFile; fileRef = FD7DA4081DED3950009DCF01 /* AppDelegate.swift */; };
		FD7DA40B1DED3950009DCF01 /* ViewController.swift in Sources */ = {isa = PBXBuildFile; fileRef = FD7DA40A1DED3950009DCF01 /* ViewController.swift */; };
		FD7DA40E1DED3950009DCF01 /* Main.storyboard in Resources */ = {isa = PBXBuildFile; fileRef = FD7DA40C1DED3950009DCF01 /* Main.storyboard */; };
		FD7DA4101DED3950009DCF01 /* Assets.xcassets in Resources */ = {isa = PBXBuildFile; fileRef = FD7DA40F1DED3950009DCF01 /* Assets.xcassets */; };
		FD7DA4131DED3950009DCF01 /* LaunchScreen.storyboard in Resources */ = {isa = PBXBuildFile; fileRef = FD7DA4111DED3950009DCF01 /* LaunchScreen.storyboard */; };
		FD7DA41E1DED3950009DCF01 /* LearnSwift3Tests.swift in Sources */ = {isa = PBXBuildFile; fileRef = FD7DA41D1DED3950009DCF01 /* LearnSwift3Tests.swift */; };
		FD7DA4291DED3950009DCF01 /* LearnSwift3UITests.swift in Sources */ = {isa = PBXBuildFile; fileRef = FD7DA4281DED3950009DCF01 /* LearnSwift3UITests.swift */; };
		FD7DA4381DED3C60009DCF01 /* APIRouter.swift in Sources */ = {isa = PBXBuildFile; fileRef = FD7DA4371DED3C60009DCF01 /* APIRouter.swift */; };
/* End PBXBuildFile section */

/* Begin PBXContainerItemProxy section */
		FD7DA41A1DED3950009DCF01 /* PBXContainerItemProxy */ = {
			isa = PBXContainerItemProxy;
			containerPortal = FD7DA3FD1DED3950009DCF01 /* Project object */;
			proxyType = 1;
			remoteGlobalIDString = FD7DA4041DED3950009DCF01;
			remoteInfo = LearnSwift3;
		};
		FD7DA4251DED3950009DCF01 /* PBXContainerItemProxy */ = {
			isa = PBXContainerItemProxy;
			containerPortal = FD7DA3FD1DED3950009DCF01 /* Project object */;
			proxyType = 1;
			remoteGlobalIDString = FD7DA4041DED3950009DCF01;
			remoteInfo = LearnSwift3;
		};
/* End PBXContainerItemProxy section */

/* Begin PBXFileReference section */
		05884D2914D7862BB5A8E2BB /* Pods-LearnSwift3UITests.debug.xcconfig */ = {isa = PBXFileReference; includeInIndex = 1; lastKnownFileType = text.xcconfig; name = "Pods-LearnSwift3UITests.debug.xcconfig"; path = "Pods/Target Support Files/Pods-LearnSwift3UITests/Pods-LearnSwift3UITests.debug.xcconfig"; sourceTree = "<group>"; };
		15E1045063A47BF9EC36CDE9 /* Pods-LearnSwift3Tests.debug.xcconfig */ = {isa = PBXFileReference; includeInIndex = 1; lastKnownFileType = text.xcconfig; name = "Pods-LearnSwift3Tests.debug.xcconfig"; path = "Pods/Target Support Files/Pods-LearnSwift3Tests/Pods-LearnSwift3Tests.debug.xcconfig"; sourceTree = "<group>"; };
		8FA0CB3B5C0F36A3508A5530 /* Pods_LearnSwift3UITests.framework */ = {isa = PBXFileReference; explicitFileType = wrapper.framework; includeInIndex = 0; path = Pods_LearnSwift3UITests.framework; sourceTree = BUILT_PRODUCTS_DIR; };
		9431BAE2E76A7CF14BB6438D /* Pods-LearnSwift3Tests.release.xcconfig */ = {isa = PBXFileReference; includeInIndex = 1; lastKnownFileType = text.xcconfig; name = "Pods-LearnSwift3Tests.release.xcconfig"; path = "Pods/Target Support Files/Pods-LearnSwift3Tests/Pods-LearnSwift3Tests.release.xcconfig"; sourceTree = "<group>"; };
		9901BE797B3B668CCE7F8B38 /* Pods-LearnSwift3.debug.xcconfig */ = {isa = PBXFileReference; includeInIndex = 1; lastKnownFileType = text.xcconfig; name = "Pods-LearnSwift3.debug.xcconfig"; path = "Pods/Target Support Files/Pods-LearnSwift3/Pods-LearnSwift3.debug.xcconfig"; sourceTree = "<group>"; };
		C39162C04840F0E221925DA1 /* Pods_LearnSwift3Tests.framework */ = {isa = PBXFileReference; explicitFileType = wrapper.framework; includeInIndex = 0; path = Pods_LearnSwift3Tests.framework; sourceTree = BUILT_PRODUCTS_DIR; };
		D2063EAEAAA19FC2257CF26F /* Pods_LearnSwift3.framework */ = {isa = PBXFileReference; explicitFileType = wrapper.framework; includeInIndex = 0; path = Pods_LearnSwift3.framework; sourceTree = BUILT_PRODUCTS_DIR; };
		D9CC79798A73AFBC2DFCFF72 /* Pods-LearnSwift3UITests.release.xcconfig */ = {isa = PBXFileReference; includeInIndex = 1; lastKnownFileType = text.xcconfig; name = "Pods-LearnSwift3UITests.release.xcconfig"; path = "Pods/Target Support Files/Pods-LearnSwift3UITests/Pods-LearnSwift3UITests.release.xcconfig"; sourceTree = "<group>"; };
		F44BFD5F1868AA0A501DD602 /* Pods-LearnSwift3.release.xcconfig */ = {isa = PBXFileReference; includeInIndex = 1; lastKnownFileType = text.xcconfig; name = "Pods-LearnSwift3.release.xcconfig"; path = "Pods/Target Support Files/Pods-LearnSwift3/Pods-LearnSwift3.release.xcconfig"; sourceTree = "<group>"; };
		FD2346931DED3CC700D0093E /* APIManager.swift */ = {isa = PBXFileReference; fileEncoding = 4; lastKnownFileType = sourcecode.swift; path = APIManager.swift; sourceTree = "<group>"; };
		FD2346961DED425F00D0093E /* AllCards.swift */ = {isa = PBXFileReference; fileEncoding = 4; lastKnownFileType = sourcecode.swift; path = AllCards.swift; sourceTree = "<group>"; };
		FD2346991DED5C8100D0093E /* CustomCollectionViewCell.swift */ = {isa = PBXFileReference; fileEncoding = 4; lastKnownFileType = sourcecode.swift; path = CustomCollectionViewCell.swift; sourceTree = "<group>"; };
		FD23469B1DED5CCD00D0093E /* CustomCollectionViewCell.xib */ = {isa = PBXFileReference; fileEncoding = 4; lastKnownFileType = file.xib; path = CustomCollectionViewCell.xib; sourceTree = "<group>"; };
		FD23469F1DED8BD400D0093E /* CollectionSectionHeaderView.xib */ = {isa = PBXFileReference; fileEncoding = 4; lastKnownFileType = file.xib; path = CollectionSectionHeaderView.xib; sourceTree = "<group>"; };
		FD2346A11DED8BF900D0093E /* CollectionSectionHeaderView.swift */ = {isa = PBXFileReference; fileEncoding = 4; lastKnownFileType = sourcecode.swift; path = CollectionSectionHeaderView.swift; sourceTree = "<group>"; };
		FD2346A81DED9E1800D0093E /* Cards.swift */ = {isa = PBXFileReference; fileEncoding = 4; lastKnownFileType = sourcecode.swift; path = Cards.swift; sourceTree = "<group>"; };
		FD7DA4051DED3950009DCF01 /* LearnSwift3.app */ = {isa = PBXFileReference; explicitFileType = wrapper.application; includeInIndex = 0; path = LearnSwift3.app; sourceTree = BUILT_PRODUCTS_DIR; };
		FD7DA4081DED3950009DCF01 /* AppDelegate.swift */ = {isa = PBXFileReference; lastKnownFileType = sourcecode.swift; path = AppDelegate.swift; sourceTree = "<group>"; };
		FD7DA40A1DED3950009DCF01 /* ViewController.swift */ = {isa = PBXFileReference; lastKnownFileType = sourcecode.swift; path = ViewController.swift; sourceTree = "<group>"; };
		FD7DA40D1DED3950009DCF01 /* Base */ = {isa = PBXFileReference; lastKnownFileType = file.storyboard; name = Base; path = Base.lproj/Main.storyboard; sourceTree = "<group>"; };
		FD7DA40F1DED3950009DCF01 /* Assets.xcassets */ = {isa = PBXFileReference; lastKnownFileType = folder.assetcatalog; path = Assets.xcassets; sourceTree = "<group>"; };
		FD7DA4121DED3950009DCF01 /* Base */ = {isa = PBXFileReference; lastKnownFileType = file.storyboard; name = Base; path = Base.lproj/LaunchScreen.storyboard; sourceTree = "<group>"; };
		FD7DA4141DED3950009DCF01 /* Info.plist */ = {isa = PBXFileReference; lastKnownFileType = text.plist.xml; path = Info.plist; sourceTree = "<group>"; };
		FD7DA4191DED3950009DCF01 /* LearnSwift3Tests.xctest */ = {isa = PBXFileReference; explicitFileType = wrapper.cfbundle; includeInIndex = 0; path = LearnSwift3Tests.xctest; sourceTree = BUILT_PRODUCTS_DIR; };
		FD7DA41D1DED3950009DCF01 /* LearnSwift3Tests.swift */ = {isa = PBXFileReference; lastKnownFileType = sourcecode.swift; path = LearnSwift3Tests.swift; sourceTree = "<group>"; };
		FD7DA41F1DED3950009DCF01 /* Info.plist */ = {isa = PBXFileReference; lastKnownFileType = text.plist.xml; path = Info.plist; sourceTree = "<group>"; };
		FD7DA4241DED3950009DCF01 /* LearnSwift3UITests.xctest */ = {isa = PBXFileReference; explicitFileType = wrapper.cfbundle; includeInIndex = 0; path = LearnSwift3UITests.xctest; sourceTree = BUILT_PRODUCTS_DIR; };
		FD7DA4281DED3950009DCF01 /* LearnSwift3UITests.swift */ = {isa = PBXFileReference; lastKnownFileType = sourcecode.swift; path = LearnSwift3UITests.swift; sourceTree = "<group>"; };
		FD7DA42A1DED3950009DCF01 /* Info.plist */ = {isa = PBXFileReference; lastKnownFileType = text.plist.xml; path = Info.plist; sourceTree = "<group>"; };
		FD7DA4371DED3C60009DCF01 /* APIRouter.swift */ = {isa = PBXFileReference; fileEncoding = 4; lastKnownFileType = sourcecode.swift; path = APIRouter.swift; sourceTree = "<group>"; };
/* End PBXFileReference section */

/* Begin PBXFrameworksBuildPhase section */
		FD7DA4021DED3950009DCF01 /* Frameworks */ = {
			isa = PBXFrameworksBuildPhase;
			buildActionMask = 2147483647;
			files = (
				B8096D673562C126123558A6 /* Pods_LearnSwift3.framework in Frameworks */,
			);
			runOnlyForDeploymentPostprocessing = 0;
		};
		FD7DA4161DED3950009DCF01 /* Frameworks */ = {
			isa = PBXFrameworksBuildPhase;
			buildActionMask = 2147483647;
			files = (
				FC271A9CF7714B6629D9B89C /* Pods_LearnSwift3Tests.framework in Frameworks */,
			);
			runOnlyForDeploymentPostprocessing = 0;
		};
		FD7DA4211DED3950009DCF01 /* Frameworks */ = {
			isa = PBXFrameworksBuildPhase;
			buildActionMask = 2147483647;
			files = (
				F4E2E83B913788BC5CE7BE53 /* Pods_LearnSwift3UITests.framework in Frameworks */,
			);
			runOnlyForDeploymentPostprocessing = 0;
		};
/* End PBXFrameworksBuildPhase section */

/* Begin PBXGroup section */
		0936990A12C2B10BBF2F172E /* Pods */ = {
			isa = PBXGroup;
			children = (
				9901BE797B3B668CCE7F8B38 /* Pods-LearnSwift3.debug.xcconfig */,
				F44BFD5F1868AA0A501DD602 /* Pods-LearnSwift3.release.xcconfig */,
				15E1045063A47BF9EC36CDE9 /* Pods-LearnSwift3Tests.debug.xcconfig */,
				9431BAE2E76A7CF14BB6438D /* Pods-LearnSwift3Tests.release.xcconfig */,
				05884D2914D7862BB5A8E2BB /* Pods-LearnSwift3UITests.debug.xcconfig */,
				D9CC79798A73AFBC2DFCFF72 /* Pods-LearnSwift3UITests.release.xcconfig */,
			);
			name = Pods;
			sourceTree = "<group>";
		};
		B6A32814AD0920A6CEEB194E /* Frameworks */ = {
			isa = PBXGroup;
			children = (
				D2063EAEAAA19FC2257CF26F /* Pods_LearnSwift3.framework */,
				C39162C04840F0E221925DA1 /* Pods_LearnSwift3Tests.framework */,
				8FA0CB3B5C0F36A3508A5530 /* Pods_LearnSwift3UITests.framework */,
			);
			name = Frameworks;
			sourceTree = "<group>";
		};
		FD2346951DED423200D0093E /* Model */ = {
			isa = PBXGroup;
			children = (
				FD2346961DED425F00D0093E /* AllCards.swift */,
				FD2346A81DED9E1800D0093E /* Cards.swift */,
			);
			name = Model;
			sourceTree = "<group>";
		};
		FD2346981DED5C6600D0093E /* CustomCell */ = {
			isa = PBXGroup;
			children = (
				FD2346991DED5C8100D0093E /* CustomCollectionViewCell.swift */,
				FD23469B1DED5CCD00D0093E /* CustomCollectionViewCell.xib */,
				FD2346A11DED8BF900D0093E /* CollectionSectionHeaderView.swift */,
				FD23469F1DED8BD400D0093E /* CollectionSectionHeaderView.xib */,
			);
			name = CustomCell;
			sourceTree = "<group>";
		};
		FD7DA3FC1DED3950009DCF01 = {
			isa = PBXGroup;
			children = (
				FD7DA4071DED3950009DCF01 /* LearnSwift3 */,
				FD7DA41C1DED3950009DCF01 /* LearnSwift3Tests */,
				FD7DA4271DED3950009DCF01 /* LearnSwift3UITests */,
				FD7DA4061DED3950009DCF01 /* Products */,
				0936990A12C2B10BBF2F172E /* Pods */,
				B6A32814AD0920A6CEEB194E /* Frameworks */,
			);
			sourceTree = "<group>";
		};
		FD7DA4061DED3950009DCF01 /* Products */ = {
			isa = PBXGroup;
			children = (
				FD7DA4051DED3950009DCF01 /* LearnSwift3.app */,
				FD7DA4191DED3950009DCF01 /* LearnSwift3Tests.xctest */,
				FD7DA4241DED3950009DCF01 /* LearnSwift3UITests.xctest */,
			);
			name = Products;
			sourceTree = "<group>";
		};
		FD7DA4071DED3950009DCF01 /* LearnSwift3 */ = {
			isa = PBXGroup;
			children = (
				FD2346981DED5C6600D0093E /* CustomCell */,
				FD2346951DED423200D0093E /* Model */,
				FD7DA4361DED3C3F009DCF01 /* NetworkStack */,
				FD7DA4081DED3950009DCF01 /* AppDelegate.swift */,
				FD7DA40A1DED3950009DCF01 /* ViewController.swift */,
				FD7DA40C1DED3950009DCF01 /* Main.storyboard */,
				FD7DA40F1DED3950009DCF01 /* Assets.xcassets */,
				FD7DA4111DED3950009DCF01 /* LaunchScreen.storyboard */,
				FD7DA4141DED3950009DCF01 /* Info.plist */,
			);
			path = LearnSwift3;
			sourceTree = "<group>";
		};
		FD7DA41C1DED3950009DCF01 /* LearnSwift3Tests */ = {
			isa = PBXGroup;
			children = (
				FD7DA41D1DED3950009DCF01 /* LearnSwift3Tests.swift */,
				FD7DA41F1DED3950009DCF01 /* Info.plist */,
			);
			path = LearnSwift3Tests;
			sourceTree = "<group>";
		};
		FD7DA4271DED3950009DCF01 /* LearnSwift3UITests */ = {
			isa = PBXGroup;
			children = (
				FD7DA4281DED3950009DCF01 /* LearnSwift3UITests.swift */,
				FD7DA42A1DED3950009DCF01 /* Info.plist */,
			);
			path = LearnSwift3UITests;
			sourceTree = "<group>";
		};
		FD7DA4361DED3C3F009DCF01 /* NetworkStack */ = {
			isa = PBXGroup;
			children = (
				FD7DA4371DED3C60009DCF01 /* APIRouter.swift */,
				FD2346931DED3CC700D0093E /* APIManager.swift */,
			);
			name = NetworkStack;
			sourceTree = "<group>";
		};
/* End PBXGroup section */

/* Begin PBXNativeTarget section */
		FD7DA4041DED3950009DCF01 /* LearnSwift3 */ = {
			isa = PBXNativeTarget;
			buildConfigurationList = FD7DA42D1DED3950009DCF01 /* Build configuration list for PBXNativeTarget "LearnSwift3" */;
			buildPhases = (
				9FA4AF9913394A76B0151C58 /* [CP] Check Pods Manifest.lock */,
				FD7DA4011DED3950009DCF01 /* Sources */,
				FD7DA4021DED3950009DCF01 /* Frameworks */,
				FD7DA4031DED3950009DCF01 /* Resources */,
				71957DC42FA7FCE9A34B6061 /* [CP] Embed Pods Frameworks */,
				3D76704F59717EB2211CFEBC /* [CP] Copy Pods Resources */,
			);
			buildRules = (
			);
			dependencies = (
			);
			name = LearnSwift3;
			productName = LearnSwift3;
			productReference = FD7DA4051DED3950009DCF01 /* LearnSwift3.app */;
			productType = "com.apple.product-type.application";
		};
		FD7DA4181DED3950009DCF01 /* LearnSwift3Tests */ = {
			isa = PBXNativeTarget;
			buildConfigurationList = FD7DA4301DED3950009DCF01 /* Build configuration list for PBXNativeTarget "LearnSwift3Tests" */;
			buildPhases = (
				45A6E3F5BED8ED55DDDFE734 /* [CP] Check Pods Manifest.lock */,
				FD7DA4151DED3950009DCF01 /* Sources */,
				FD7DA4161DED3950009DCF01 /* Frameworks */,
				FD7DA4171DED3950009DCF01 /* Resources */,
				B7FEB8DE400547200A6685C1 /* [CP] Embed Pods Frameworks */,
				63C0F6673D0C771A5DD0E127 /* [CP] Copy Pods Resources */,
			);
			buildRules = (
			);
			dependencies = (
				FD7DA41B1DED3950009DCF01 /* PBXTargetDependency */,
			);
			name = LearnSwift3Tests;
			productName = LearnSwift3Tests;
			productReference = FD7DA4191DED3950009DCF01 /* LearnSwift3Tests.xctest */;
			productType = "com.apple.product-type.bundle.unit-test";
		};
		FD7DA4231DED3950009DCF01 /* LearnSwift3UITests */ = {
			isa = PBXNativeTarget;
			buildConfigurationList = FD7DA4331DED3950009DCF01 /* Build configuration list for PBXNativeTarget "LearnSwift3UITests" */;
			buildPhases = (
				09D514D5ED26C2785C80A285 /* [CP] Check Pods Manifest.lock */,
				FD7DA4201DED3950009DCF01 /* Sources */,
				FD7DA4211DED3950009DCF01 /* Frameworks */,
				FD7DA4221DED3950009DCF01 /* Resources */,
				58E5633D0EFB88EFBDEAC76D /* [CP] Embed Pods Frameworks */,
				B6A575AB98A78EF6403282F3 /* [CP] Copy Pods Resources */,
			);
			buildRules = (
			);
			dependencies = (
				FD7DA4261DED3950009DCF01 /* PBXTargetDependency */,
			);
			name = LearnSwift3UITests;
			productName = LearnSwift3UITests;
			productReference = FD7DA4241DED3950009DCF01 /* LearnSwift3UITests.xctest */;
			productType = "com.apple.product-type.bundle.ui-testing";
		};
/* End PBXNativeTarget section */

/* Begin PBXProject section */
		FD7DA3FD1DED3950009DCF01 /* Project object */ = {
			isa = PBXProject;
			attributes = {
				LastSwiftUpdateCheck = 0800;
				LastUpgradeCheck = 0800;
				ORGANIZATIONNAME = sourcebits;
				TargetAttributes = {
					FD7DA4041DED3950009DCF01 = {
						CreatedOnToolsVersion = 8.0;
						ProvisioningStyle = Automatic;
					};
					FD7DA4181DED3950009DCF01 = {
						CreatedOnToolsVersion = 8.0;
						ProvisioningStyle = Automatic;
						TestTargetID = FD7DA4041DED3950009DCF01;
					};
					FD7DA4231DED3950009DCF01 = {
						CreatedOnToolsVersion = 8.0;
						ProvisioningStyle = Automatic;
						TestTargetID = FD7DA4041DED3950009DCF01;
					};
				};
			};
			buildConfigurationList = FD7DA4001DED3950009DCF01 /* Build configuration list for PBXProject "LearnSwift3" */;
			compatibilityVersion = "Xcode 3.2";
			developmentRegion = English;
			hasScannedForEncodings = 0;
			knownRegions = (
				en,
				Base,
			);
			mainGroup = FD7DA3FC1DED3950009DCF01;
			productRefGroup = FD7DA4061DED3950009DCF01 /* Products */;
			projectDirPath = "";
			projectRoot = "";
			targets = (
				FD7DA4041DED3950009DCF01 /* LearnSwift3 */,
				FD7DA4181DED3950009DCF01 /* LearnSwift3Tests */,
				FD7DA4231DED3950009DCF01 /* LearnSwift3UITests */,
			);
		};
/* End PBXProject section */

/* Begin PBXResourcesBuildPhase section */
		FD7DA4031DED3950009DCF01 /* Resources */ = {
			isa = PBXResourcesBuildPhase;
			buildActionMask = 2147483647;
			files = (
				FD7DA4131DED3950009DCF01 /* LaunchScreen.storyboard in Resources */,
				FD7DA4101DED3950009DCF01 /* Assets.xcassets in Resources */,
				FD7DA40E1DED3950009DCF01 /* Main.storyboard in Resources */,
				FD23469C1DED5CCD00D0093E /* CustomCollectionViewCell.xib in Resources */,
				FD2346A01DED8BD400D0093E /* CollectionSectionHeaderView.xib in Resources */,
			);
			runOnlyForDeploymentPostprocessing = 0;
		};
		FD7DA4171DED3950009DCF01 /* Resources */ = {
			isa = PBXResourcesBuildPhase;
			buildActionMask = 2147483647;
			files = (
			);
			runOnlyForDeploymentPostprocessing = 0;
		};
		FD7DA4221DED3950009DCF01 /* Resources */ = {
			isa = PBXResourcesBuildPhase;
			buildActionMask = 2147483647;
			files = (
			);
			runOnlyForDeploymentPostprocessing = 0;
		};
/* End PBXResourcesBuildPhase section */

/* Begin PBXShellScriptBuildPhase section */
		09D514D5ED26C2785C80A285 /* [CP] Check Pods Manifest.lock */ = {
			isa = PBXShellScriptBuildPhase;
			buildActionMask = 2147483647;
			files = (
			);
			inputPaths = (
			);
			name = "[CP] Check Pods Manifest.lock";
			outputPaths = (
			);
			runOnlyForDeploymentPostprocessing = 0;
			shellPath = /bin/sh;
			shellScript = "diff \"${PODS_ROOT}/../Podfile.lock\" \"${PODS_ROOT}/Manifest.lock\" > /dev/null\nif [ $? != 0 ] ; then\n    # print error to STDERR\n    echo \"error: The sandbox is not in sync with the Podfile.lock. Run 'pod install' or update your CocoaPods installation.\" >&2\n    exit 1\nfi\n";
			showEnvVarsInLog = 0;
		};
		3D76704F59717EB2211CFEBC /* [CP] Copy Pods Resources */ = {
			isa = PBXShellScriptBuildPhase;
			buildActionMask = 2147483647;
			files = (
			);
			inputPaths = (
			);
			name = "[CP] Copy Pods Resources";
			outputPaths = (
			);
			runOnlyForDeploymentPostprocessing = 0;
			shellPath = /bin/sh;
			shellScript = "\"${SRCROOT}/Pods/Target Support Files/Pods-LearnSwift3/Pods-LearnSwift3-resources.sh\"\n";
			showEnvVarsInLog = 0;
		};
		45A6E3F5BED8ED55DDDFE734 /* [CP] Check Pods Manifest.lock */ = {
			isa = PBXShellScriptBuildPhase;
			buildActionMask = 2147483647;
			files = (
			);
			inputPaths = (
			);
			name = "[CP] Check Pods Manifest.lock";
			outputPaths = (
			);
			runOnlyForDeploymentPostprocessing = 0;
			shellPath = /bin/sh;
			shellScript = "diff \"${PODS_ROOT}/../Podfile.lock\" \"${PODS_ROOT}/Manifest.lock\" > /dev/null\nif [ $? != 0 ] ; then\n    # print error to STDERR\n    echo \"error: The sandbox is not in sync with the Podfile.lock. Run 'pod install' or update your CocoaPods installation.\" >&2\n    exit 1\nfi\n";
			showEnvVarsInLog = 0;
		};
		58E5633D0EFB88EFBDEAC76D /* [CP] Embed Pods Frameworks */ = {
			isa = PBXShellScriptBuildPhase;
			buildActionMask = 2147483647;
			files = (
			);
			inputPaths = (
			);
			name = "[CP] Embed Pods Frameworks";
			outputPaths = (
			);
			runOnlyForDeploymentPostprocessing = 0;
			shellPath = /bin/sh;
			shellScript = "\"${SRCROOT}/Pods/Target Support Files/Pods-LearnSwift3UITests/Pods-LearnSwift3UITests-frameworks.sh\"\n";
			showEnvVarsInLog = 0;
		};
		63C0F6673D0C771A5DD0E127 /* [CP] Copy Pods Resources */ = {
			isa = PBXShellScriptBuildPhase;
			buildActionMask = 2147483647;
			files = (
			);
			inputPaths = (
			);
			name = "[CP] Copy Pods Resources";
			outputPaths = (
			);
			runOnlyForDeploymentPostprocessing = 0;
			shellPath = /bin/sh;
			shellScript = "\"${SRCROOT}/Pods/Target Support Files/Pods-LearnSwift3Tests/Pods-LearnSwift3Tests-resources.sh\"\n";
			showEnvVarsInLog = 0;
		};
		71957DC42FA7FCE9A34B6061 /* [CP] Embed Pods Frameworks */ = {
			isa = PBXShellScriptBuildPhase;
			buildActionMask = 2147483647;
			files = (
			);
			inputPaths = (
			);
			name = "[CP] Embed Pods Frameworks";
			outputPaths = (
			);
			runOnlyForDeploymentPostprocessing = 0;
			shellPath = /bin/sh;
			shellScript = "\"${SRCROOT}/Pods/Target Support Files/Pods-LearnSwift3/Pods-LearnSwift3-frameworks.sh\"\n";
			showEnvVarsInLog = 0;
		};
		9FA4AF9913394A76B0151C58 /* [CP] Check Pods Manifest.lock */ = {
			isa = PBXShellScriptBuildPhase;
			buildActionMask = 2147483647;
			files = (
			);
			inputPaths = (
			);
			name = "[CP] Check Pods Manifest.lock";
			outputPaths = (
			);
			runOnlyForDeploymentPostprocessing = 0;
			shellPath = /bin/sh;
			shellScript = "diff \"${PODS_ROOT}/../Podfile.lock\" \"${PODS_ROOT}/Manifest.lock\" > /dev/null\nif [ $? != 0 ] ; then\n    # print error to STDERR\n    echo \"error: The sandbox is not in sync with the Podfile.lock. Run 'pod install' or update your CocoaPods installation.\" >&2\n    exit 1\nfi\n";
			showEnvVarsInLog = 0;
		};
		B6A575AB98A78EF6403282F3 /* [CP] Copy Pods Resources */ = {
			isa = PBXShellScriptBuildPhase;
			buildActionMask = 2147483647;
			files = (
			);
			inputPaths = (
			);
			name = "[CP] Copy Pods Resources";
			outputPaths = (
			);
			runOnlyForDeploymentPostprocessing = 0;
			shellPath = /bin/sh;
			shellScript = "\"${SRCROOT}/Pods/Target Support Files/Pods-LearnSwift3UITests/Pods-LearnSwift3UITests-resources.sh\"\n";
			showEnvVarsInLog = 0;
		};
		B7FEB8DE400547200A6685C1 /* [CP] Embed Pods Frameworks */ = {
			isa = PBXShellScriptBuildPhase;
			buildActionMask = 2147483647;
			files = (
			);
			inputPaths = (
			);
			name = "[CP] Embed Pods Frameworks";
			outputPaths = (
			);
			runOnlyForDeploymentPostprocessing = 0;
			shellPath = /bin/sh;
			shellScript = "\"${SRCROOT}/Pods/Target Support Files/Pods-LearnSwift3Tests/Pods-LearnSwift3Tests-frameworks.sh\"\n";
			showEnvVarsInLog = 0;
		};
/* End PBXShellScriptBuildPhase section */

/* Begin PBXSourcesBuildPhase section */
		FD7DA4011DED3950009DCF01 /* Sources */ = {
			isa = PBXSourcesBuildPhase;
			buildActionMask = 2147483647;
			files = (
				FD2346A21DED8BF900D0093E /* CollectionSectionHeaderView.swift in Sources */,
				FD2346941DED3CC700D0093E /* APIManager.swift in Sources */,
				FD23469A1DED5C8100D0093E /* CustomCollectionViewCell.swift in Sources */,
				FD2346A91DED9E1800D0093E /* Cards.swift in Sources */,
				FD7DA40B1DED3950009DCF01 /* ViewController.swift in Sources */,
				FD7DA4381DED3C60009DCF01 /* APIRouter.swift in Sources */,
				FD7DA4091DED3950009DCF01 /* AppDelegate.swift in Sources */,
				FD2346971DED425F00D0093E /* AllCards.swift in Sources */,
			);
			runOnlyForDeploymentPostprocessing = 0;
		};
		FD7DA4151DED3950009DCF01 /* Sources */ = {
			isa = PBXSourcesBuildPhase;
			buildActionMask = 2147483647;
			files = (
				FD7DA41E1DED3950009DCF01 /* LearnSwift3Tests.swift in Sources */,
			);
			runOnlyForDeploymentPostprocessing = 0;
		};
		FD7DA4201DED3950009DCF01 /* Sources */ = {
			isa = PBXSourcesBuildPhase;
			buildActionMask = 2147483647;
			files = (
				FD7DA4291DED3950009DCF01 /* LearnSwift3UITests.swift in Sources */,
			);
			runOnlyForDeploymentPostprocessing = 0;
		};
/* End PBXSourcesBuildPhase section */

/* Begin PBXTargetDependency section */
		FD7DA41B1DED3950009DCF01 /* PBXTargetDependency */ = {
			isa = PBXTargetDependency;
			target = FD7DA4041DED3950009DCF01 /* LearnSwift3 */;
			targetProxy = FD7DA41A1DED3950009DCF01 /* PBXContainerItemProxy */;
		};
		FD7DA4261DED3950009DCF01 /* PBXTargetDependency */ = {
			isa = PBXTargetDependency;
			target = FD7DA4041DED3950009DCF01 /* LearnSwift3 */;
			targetProxy = FD7DA4251DED3950009DCF01 /* PBXContainerItemProxy */;
		};
/* End PBXTargetDependency section */

/* Begin PBXVariantGroup section */
		FD7DA40C1DED3950009DCF01 /* Main.storyboard */ = {
			isa = PBXVariantGroup;
			children = (
				FD7DA40D1DED3950009DCF01 /* Base */,
			);
			name = Main.storyboard;
			sourceTree = "<group>";
		};
		FD7DA4111DED3950009DCF01 /* LaunchScreen.storyboard */ = {
			isa = PBXVariantGroup;
			children = (
				FD7DA4121DED3950009DCF01 /* Base */,
			);
			name = LaunchScreen.storyboard;
			sourceTree = "<group>";
		};
/* End PBXVariantGroup section */

/* Begin XCBuildConfiguration section */
		FD7DA42B1DED3950009DCF01 /* Debug */ = {
			isa = XCBuildConfiguration;
			buildSettings = {
				ALWAYS_SEARCH_USER_PATHS = NO;
				CLANG_ANALYZER_NONNULL = YES;
				CLANG_CXX_LANGUAGE_STANDARD = "gnu++0x";
				CLANG_CXX_LIBRARY = "libc++";
				CLANG_ENABLE_MODULES = YES;
				CLANG_ENABLE_OBJC_ARC = YES;
				CLANG_WARN_BOOL_CONVERSION = YES;
				CLANG_WARN_CONSTANT_CONVERSION = YES;
				CLANG_WARN_DIRECT_OBJC_ISA_USAGE = YES_ERROR;
				CLANG_WARN_DOCUMENTATION_COMMENTS = YES;
				CLANG_WARN_EMPTY_BODY = YES;
				CLANG_WARN_ENUM_CONVERSION = YES;
				CLANG_WARN_INFINITE_RECURSION = YES;
				CLANG_WARN_INT_CONVERSION = YES;
				CLANG_WARN_OBJC_ROOT_CLASS = YES_ERROR;
				CLANG_WARN_SUSPICIOUS_MOVES = YES;
				CLANG_WARN_UNREACHABLE_CODE = YES;
				CLANG_WARN__DUPLICATE_METHOD_MATCH = YES;
				"CODE_SIGN_IDENTITY[sdk=iphoneos*]" = "iPhone Developer";
				COPY_PHASE_STRIP = NO;
				DEBUG_INFORMATION_FORMAT = dwarf;
				ENABLE_STRICT_OBJC_MSGSEND = YES;
				ENABLE_TESTABILITY = YES;
				GCC_C_LANGUAGE_STANDARD = gnu99;
				GCC_DYNAMIC_NO_PIC = NO;
				GCC_NO_COMMON_BLOCKS = YES;
				GCC_OPTIMIZATION_LEVEL = 0;
				GCC_PREPROCESSOR_DEFINITIONS = (
					"DEBUG=1",
					"$(inherited)",
				);
				GCC_WARN_64_TO_32_BIT_CONVERSION = YES;
				GCC_WARN_ABOUT_RETURN_TYPE = YES_ERROR;
				GCC_WARN_UNDECLARED_SELECTOR = YES;
				GCC_WARN_UNINITIALIZED_AUTOS = YES_AGGRESSIVE;
				GCC_WARN_UNUSED_FUNCTION = YES;
				GCC_WARN_UNUSED_VARIABLE = YES;
				IPHONEOS_DEPLOYMENT_TARGET = 10.0;
				MTL_ENABLE_DEBUG_INFO = YES;
				ONLY_ACTIVE_ARCH = YES;
				SDKROOT = iphoneos;
				SWIFT_ACTIVE_COMPILATION_CONDITIONS = DEBUG;
				SWIFT_OPTIMIZATION_LEVEL = "-Onone";
				TARGETED_DEVICE_FAMILY = "1,2";
			};
			name = Debug;
		};
		FD7DA42C1DED3950009DCF01 /* Release */ = {
			isa = XCBuildConfiguration;
			buildSettings = {
				ALWAYS_SEARCH_USER_PATHS = NO;
				CLANG_ANALYZER_NONNULL = YES;
				CLANG_CXX_LANGUAGE_STANDARD = "gnu++0x";
				CLANG_CXX_LIBRARY = "libc++";
				CLANG_ENABLE_MODULES = YES;
				CLANG_ENABLE_OBJC_ARC = YES;
				CLANG_WARN_BOOL_CONVERSION = YES;
				CLANG_WARN_CONSTANT_CONVERSION = YES;
				CLANG_WARN_DIRECT_OBJC_ISA_USAGE = YES_ERROR;
				CLANG_WARN_DOCUMENTATION_COMMENTS = YES;
				CLANG_WARN_EMPTY_BODY = YES;
				CLANG_WARN_ENUM_CONVERSION = YES;
				CLANG_WARN_INFINITE_RECURSION = YES;
				CLANG_WARN_INT_CONVERSION = YES;
				CLANG_WARN_OBJC_ROOT_CLASS = YES_ERROR;
				CLANG_WARN_SUSPICIOUS_MOVES = YES;
				CLANG_WARN_UNREACHABLE_CODE = YES;
				CLANG_WARN__DUPLICATE_METHOD_MATCH = YES;
				"CODE_SIGN_IDENTITY[sdk=iphoneos*]" = "iPhone Developer";
				COPY_PHASE_STRIP = NO;
				DEBUG_INFORMATION_FORMAT = "dwarf-with-dsym";
				ENABLE_NS_ASSERTIONS = NO;
				ENABLE_STRICT_OBJC_MSGSEND = YES;
				GCC_C_LANGUAGE_STANDARD = gnu99;
				GCC_NO_COMMON_BLOCKS = YES;
				GCC_WARN_64_TO_32_BIT_CONVERSION = YES;
				GCC_WARN_ABOUT_RETURN_TYPE = YES_ERROR;
				GCC_WARN_UNDECLARED_SELECTOR = YES;
				GCC_WARN_UNINITIALIZED_AUTOS = YES_AGGRESSIVE;
				GCC_WARN_UNUSED_FUNCTION = YES;
				GCC_WARN_UNUSED_VARIABLE = YES;
				IPHONEOS_DEPLOYMENT_TARGET = 10.0;
				MTL_ENABLE_DEBUG_INFO = NO;
				SDKROOT = iphoneos;
				SWIFT_OPTIMIZATION_LEVEL = "-Owholemodule";
				TARGETED_DEVICE_FAMILY = "1,2";
				VALIDATE_PRODUCT = YES;
			};
			name = Release;
		};
		FD7DA42E1DED3950009DCF01 /* Debug */ = {
			isa = XCBuildConfiguration;
			baseConfigurationReference = 9901BE797B3B668CCE7F8B38 /* Pods-LearnSwift3.debug.xcconfig */;
			buildSettings = {
				ASSETCATALOG_COMPILER_APPICON_NAME = AppIcon;
				INFOPLIST_FILE = LearnSwift3/Info.plist;
				LD_RUNPATH_SEARCH_PATHS = "$(inherited) @executable_path/Frameworks";
				PRODUCT_BUNDLE_IDENTIFIER = com.sourcebits.LearnSwift3;
				PRODUCT_NAME = "$(TARGET_NAME)";
				SWIFT_VERSION = 3.0;
			};
			name = Debug;
		};
		FD7DA42F1DED3950009DCF01 /* Release */ = {
			isa = XCBuildConfiguration;
			baseConfigurationReference = F44BFD5F1868AA0A501DD602 /* Pods-LearnSwift3.release.xcconfig */;
			buildSettings = {
				ASSETCATALOG_COMPILER_APPICON_NAME = AppIcon;
				INFOPLIST_FILE = LearnSwift3/Info.plist;
				LD_RUNPATH_SEARCH_PATHS = "$(inherited) @executable_path/Frameworks";
				PRODUCT_BUNDLE_IDENTIFIER = com.sourcebits.LearnSwift3;
				PRODUCT_NAME = "$(TARGET_NAME)";
				SWIFT_VERSION = 3.0;
			};
			name = Release;
		};
		FD7DA4311DED3950009DCF01 /* Debug */ = {
			isa = XCBuildConfiguration;
			baseConfigurationReference = 15E1045063A47BF9EC36CDE9 /* Pods-LearnSwift3Tests.debug.xcconfig */;
			buildSettings = {
				ALWAYS_EMBED_SWIFT_STANDARD_LIBRARIES = YES;
				BUNDLE_LOADER = "$(TEST_HOST)";
				INFOPLIST_FILE = LearnSwift3Tests/Info.plist;
				LD_RUNPATH_SEARCH_PATHS = "$(inherited) @executable_path/Frameworks @loader_path/Frameworks";
				PRODUCT_BUNDLE_IDENTIFIER = com.sourcebits.LearnSwift3Tests;
				PRODUCT_NAME = "$(TARGET_NAME)";
				SWIFT_VERSION = 3.0;
				TEST_HOST = "$(BUILT_PRODUCTS_DIR)/LearnSwift3.app/LearnSwift3";
			};
			name = Debug;
		};
		FD7DA4321DED3950009DCF01 /* Release */ = {
			isa = XCBuildConfiguration;
			baseConfigurationReference = 9431BAE2E76A7CF14BB6438D /* Pods-LearnSwift3Tests.release.xcconfig */;
			buildSettings = {
				ALWAYS_EMBED_SWIFT_STANDARD_LIBRARIES = YES;
				BUNDLE_LOADER = "$(TEST_HOST)";
				INFOPLIST_FILE = LearnSwift3Tests/Info.plist;
				LD_RUNPATH_SEARCH_PATHS = "$(inherited) @executable_path/Frameworks @loader_path/Frameworks";
				PRODUCT_BUNDLE_IDENTIFIER = com.sourcebits.LearnSwift3Tests;
				PRODUCT_NAME = "$(TARGET_NAME)";
				SWIFT_VERSION = 3.0;
				TEST_HOST = "$(BUILT_PRODUCTS_DIR)/LearnSwift3.app/LearnSwift3";
			};
			name = Release;
		};
		FD7DA4341DED3950009DCF01 /* Debug */ = {
			isa = XCBuildConfiguration;
			baseConfigurationReference = 05884D2914D7862BB5A8E2BB /* Pods-LearnSwift3UITests.debug.xcconfig */;
			buildSettings = {
				ALWAYS_EMBED_SWIFT_STANDARD_LIBRARIES = YES;
				INFOPLIST_FILE = LearnSwift3UITests/Info.plist;
				LD_RUNPATH_SEARCH_PATHS = "$(inherited) @executable_path/Frameworks @loader_path/Frameworks";
				PRODUCT_BUNDLE_IDENTIFIER = com.sourcebits.LearnSwift3UITests;
				PRODUCT_NAME = "$(TARGET_NAME)";
				SWIFT_VERSION = 3.0;
				TEST_TARGET_NAME = LearnSwift3;
			};
			name = Debug;
		};
		FD7DA4351DED3950009DCF01 /* Release */ = {
			isa = XCBuildConfiguration;
			baseConfigurationReference = D9CC79798A73AFBC2DFCFF72 /* Pods-LearnSwift3UITests.release.xcconfig */;
			buildSettings = {
				ALWAYS_EMBED_SWIFT_STANDARD_LIBRARIES = YES;
				INFOPLIST_FILE = LearnSwift3UITests/Info.plist;
				LD_RUNPATH_SEARCH_PATHS = "$(inherited) @executable_path/Frameworks @loader_path/Frameworks";
				PRODUCT_BUNDLE_IDENTIFIER = com.sourcebits.LearnSwift3UITests;
				PRODUCT_NAME = "$(TARGET_NAME)";
				SWIFT_VERSION = 3.0;
				TEST_TARGET_NAME = LearnSwift3;
			};
			name = Release;
		};
/* End XCBuildConfiguration section */

/* Begin XCConfigurationList section */
		FD7DA4001DED3950009DCF01 /* Build configuration list for PBXProject "LearnSwift3" */ = {
			isa = XCConfigurationList;
			buildConfigurations = (
				FD7DA42B1DED3950009DCF01 /* Debug */,
				FD7DA42C1DED3950009DCF01 /* Release */,
			);
			defaultConfigurationIsVisible = 0;
			defaultConfigurationName = Release;
		};
		FD7DA42D1DED3950009DCF01 /* Build configuration list for PBXNativeTarget "LearnSwift3" */ = {
			isa = XCConfigurationList;
			buildConfigurations = (
				FD7DA42E1DED3950009DCF01 /* Debug */,
				FD7DA42F1DED3950009DCF01 /* Release */,
			);
			defaultConfigurationIsVisible = 0;
			defaultConfigurationName = Release;
		};
		FD7DA4301DED3950009DCF01 /* Build configuration list for PBXNativeTarget "LearnSwift3Tests" */ = {
			isa = XCConfigurationList;
			buildConfigurations = (
				FD7DA4311DED3950009DCF01 /* Debug */,
				FD7DA4321DED3950009DCF01 /* Release */,
			);
			defaultConfigurationIsVisible = 0;
			defaultConfigurationName = Release;
		};
		FD7DA4331DED3950009DCF01 /* Build configuration list for PBXNativeTarget "LearnSwift3UITests" */ = {
			isa = XCConfigurationList;
			buildConfigurations = (
				FD7DA4341DED3950009DCF01 /* Debug */,
				FD7DA4351DED3950009DCF01 /* Release */,
			);
			defaultConfigurationIsVisible = 0;
			defaultConfigurationName = Release;
		};
/* End XCConfigurationList section */
	};
	rootObject = FD7DA3FD1DED3950009DCF01 /* Project object */;
}
